
Microsoft Visual Studio Solution File, Format Version 12.00
# Visual Studio Version 17
VisualStudioVersion = 17.6.33829.357
MinimumVisualStudioVersion = 10.0.40219.1
Project("{FAE04EC0-301F-11D3-BF4B-00C04F79EFBC}") = "DO_AN", "DO_AN\DO_AN.csproj", "{06BB9137-EC77-4715-A5A8-23FBEE3D6B58}"
EndProject
Global
	GlobalSection(SolutionConfigurationPlatforms) = preSolution
		Debug|Any CPU = Debug|Any CPU
		Release|Any CPU = Release|Any CPU
	EndGlobalSection
	GlobalSection(ProjectConfigurationPlatforms) = postSolution
		{06BB9137-EC77-4715-A5A8-23FBEE3D6B58}.Debug|Any CPU.ActiveCfg = Debug|Any CPU
		{06BB9137-EC77-4715-A5A8-23FBEE3D6B58}.Debug|Any CPU.Build.0 = Debug|Any CPU
		{06BB9137-EC77-4715-A5A8-23FBEE3D6B58}.Release|Any CPU.ActiveCfg = Release|Any CPU
		{06BB9137-EC77-4715-A5A8-23FBEE3D6B58}.Release|Any CPU.Build.0 = Release|Any CPU
	EndGlobalSection
	GlobalSection(SolutionProperties) = preSolution
		HideSolutionNode = FALSE
	EndGlobalSection
	GlobalSection(ExtensibilityGlobals) = postSolution
		SolutionGuid = {F3BEC7F9-F292-429C-B89E-732E99ADA1A9}
	EndGlobalSection
EndGlobal
